
Microsoft Visual Studio Solution File, Format Version 12.00
# Visual Studio 2013
VisualStudioVersion = 12.0.40629.0
MinimumVisualStudioVersion = 10.0.40219.1
Project("{FAE04EC0-301F-11D3-BF4B-00C04F79EFBC}") = "EnterpriseFrame.Web", "EnterpriseFrame.Web\EnterpriseFrame.Web.csproj", "{C68C92CA-BFFB-48F8-8D10-9F3533BE6626}"
EndProject
Project("{2150E333-8FDC-42A3-9474-1A3956D46DE8}") = "UI", "UI", "{0BF9F774-A3CD-4869-91BF-1ECC1DBB344E}"
EndProject
Project("{2150E333-8FDC-42A3-9474-1A3956D46DE8}") = "Application", "Application", "{F260E17C-EE48-46C6-AED8-DE220CF074B3}"
EndProject
Project("{2150E333-8FDC-42A3-9474-1A3956D46DE8}") = ".nuget", ".nuget", "{04953873-62DE-4AD9-921D-61DB0B75DD77}"
	ProjectSection(SolutionItems) = preProject
		.nuget\NuGet.Config = .nuget\NuGet.Config
		.nuget\NuGet.exe = .nuget\NuGet.exe
		.nuget\NuGet.targets = .nuget\NuGet.targets
	EndProjectSection
EndProject
Project("{2150E333-8FDC-42A3-9474-1A3956D46DE8}") = "Test", "Test", "{B405A63C-D3C1-4CC9-8CE6-DF8FAFA953F3}"
EndProject
Project("{FAE04EC0-301F-11D3-BF4B-00C04F79EFBC}") = "UnitTest", "UnitTest\UnitTest.csproj", "{E3BD98F9-60AC-47C9-85A3-E5BEFCAD243B}"
EndProject
Project("{2150E333-8FDC-42A3-9474-1A3956D46DE8}") = "Service", "Service", "{2C1CA20C-3C1E-4A21-B3BF-28158CBADA30}"
EndProject
Project("{FAE04EC0-301F-11D3-BF4B-00C04F79EFBC}") = "EnterpriseFrame.Service.Interface", "EnterpriseFrame.Service.Interface\EnterpriseFrame.Service.Interface.csproj", "{DE4BAE5A-CFA3-411A-960A-0E74808D558E}"
EndProject
Project("{FAE04EC0-301F-11D3-BF4B-00C04F79EFBC}") = "EnterpriseFrame.Service.EntityFramework", "EnterpriseFrame.Service.EntityFramework\EnterpriseFrame.Service.EntityFramework.csproj", "{87E96E6E-43FD-4895-9012-36CFF3CF4C30}"
EndProject
Project("{FAE04EC0-301F-11D3-BF4B-00C04F79EFBC}") = "EnterpriseFrame.EntityFramework", "EnterpriseFrame.EntityFramework\EnterpriseFrame.EntityFramework.csproj", "{03B81016-EA3C-41DA-90F2-A0EA2F9FB75C}"
EndProject
Project("{FAE04EC0-301F-11D3-BF4B-00C04F79EFBC}") = "EnterpriseFrame.Core", "EnterpriseFrame.Core\EnterpriseFrame.Core.csproj", "{4DEF2797-47A5-40C9-97C8-6BBC09926AEA}"
EndProject
Global
	GlobalSection(SolutionConfigurationPlatforms) = preSolution
		Debug|Any CPU = Debug|Any CPU
		Release|Any CPU = Release|Any CPU
	EndGlobalSection
	GlobalSection(ProjectConfigurationPlatforms) = postSolution
		{C68C92CA-BFFB-48F8-8D10-9F3533BE6626}.Debug|Any CPU.ActiveCfg = Debug|Any CPU
		{C68C92CA-BFFB-48F8-8D10-9F3533BE6626}.Debug|Any CPU.Build.0 = Debug|Any CPU
		{C68C92CA-BFFB-48F8-8D10-9F3533BE6626}.Release|Any CPU.ActiveCfg = Release|Any CPU
		{C68C92CA-BFFB-48F8-8D10-9F3533BE6626}.Release|Any CPU.Build.0 = Release|Any CPU
		{E3BD98F9-60AC-47C9-85A3-E5BEFCAD243B}.Debug|Any CPU.ActiveCfg = Debug|Any CPU
		{E3BD98F9-60AC-47C9-85A3-E5BEFCAD243B}.Debug|Any CPU.Build.0 = Debug|Any CPU
		{E3BD98F9-60AC-47C9-85A3-E5BEFCAD243B}.Release|Any CPU.ActiveCfg = Release|Any CPU
		{E3BD98F9-60AC-47C9-85A3-E5BEFCAD243B}.Release|Any CPU.Build.0 = Release|Any CPU
		{DE4BAE5A-CFA3-411A-960A-0E74808D558E}.Debug|Any CPU.ActiveCfg = Debug|Any CPU
		{DE4BAE5A-CFA3-411A-960A-0E74808D558E}.Debug|Any CPU.Build.0 = Debug|Any CPU
		{DE4BAE5A-CFA3-411A-960A-0E74808D558E}.Release|Any CPU.ActiveCfg = Release|Any CPU
		{DE4BAE5A-CFA3-411A-960A-0E74808D558E}.Release|Any CPU.Build.0 = Release|Any CPU
		{87E96E6E-43FD-4895-9012-36CFF3CF4C30}.Debug|Any CPU.ActiveCfg = Debug|Any CPU
		{87E96E6E-43FD-4895-9012-36CFF3CF4C30}.Debug|Any CPU.Build.0 = Debug|Any CPU
		{87E96E6E-43FD-4895-9012-36CFF3CF4C30}.Release|Any CPU.ActiveCfg = Release|Any CPU
		{87E96E6E-43FD-4895-9012-36CFF3CF4C30}.Release|Any CPU.Build.0 = Release|Any CPU
		{03B81016-EA3C-41DA-90F2-A0EA2F9FB75C}.Debug|Any CPU.ActiveCfg = Debug|Any CPU
		{03B81016-EA3C-41DA-90F2-A0EA2F9FB75C}.Debug|Any CPU.Build.0 = Debug|Any CPU
		{03B81016-EA3C-41DA-90F2-A0EA2F9FB75C}.Release|Any CPU.ActiveCfg = Release|Any CPU
		{03B81016-EA3C-41DA-90F2-A0EA2F9FB75C}.Release|Any CPU.Build.0 = Release|Any CPU
		{4DEF2797-47A5-40C9-97C8-6BBC09926AEA}.Debug|Any CPU.ActiveCfg = Debug|Any CPU
		{4DEF2797-47A5-40C9-97C8-6BBC09926AEA}.Debug|Any CPU.Build.0 = Debug|Any CPU
		{4DEF2797-47A5-40C9-97C8-6BBC09926AEA}.Release|Any CPU.ActiveCfg = Release|Any CPU
		{4DEF2797-47A5-40C9-97C8-6BBC09926AEA}.Release|Any CPU.Build.0 = Release|Any CPU
	EndGlobalSection
	GlobalSection(SolutionProperties) = preSolution
		HideSolutionNode = FALSE
	EndGlobalSection
	GlobalSection(NestedProjects) = preSolution
		{C68C92CA-BFFB-48F8-8D10-9F3533BE6626} = {0BF9F774-A3CD-4869-91BF-1ECC1DBB344E}
		{E3BD98F9-60AC-47C9-85A3-E5BEFCAD243B} = {B405A63C-D3C1-4CC9-8CE6-DF8FAFA953F3}
		{DE4BAE5A-CFA3-411A-960A-0E74808D558E} = {2C1CA20C-3C1E-4A21-B3BF-28158CBADA30}
		{87E96E6E-43FD-4895-9012-36CFF3CF4C30} = {2C1CA20C-3C1E-4A21-B3BF-28158CBADA30}
		{03B81016-EA3C-41DA-90F2-A0EA2F9FB75C} = {2C1CA20C-3C1E-4A21-B3BF-28158CBADA30}
		{4DEF2797-47A5-40C9-97C8-6BBC09926AEA} = {F260E17C-EE48-46C6-AED8-DE220CF074B3}
	EndGlobalSection
EndGlobal
